
Microsoft Visual Studio Solution File, Format Version 12.00
# Visual Studio Version 17
VisualStudioVersion = 17.0.31903.59
MinimumVisualStudioVersion = 10.0.40219.1
Project("{FAE04EC0-301F-11D3-BF4B-00C04F79EFBC}") = "SyncUp.Agent", "SyncUp.Agent\SyncUp.Agent.csproj", "{C45AD31A-16EF-836A-E7C9-A008221450BA}"
EndProject
Project("{FAE04EC0-301F-11D3-BF4B-00C04F79EFBC}") = "SyncUp.Server", "SyncUp.Server\SyncUp.Server.csproj", "{5853279E-27BD-4903-9126-3671BEDAA64B}"
EndProject
Project("{FAE04EC0-301F-11D3-BF4B-00C04F79EFBC}") = "SyncUp.Shared", "SyncUp.Shared\SyncUp.Shared.csproj", "{0F8AFC7A-8566-485B-85DA-7792D5B09279}"
EndProject
Global
	GlobalSection(SolutionConfigurationPlatforms) = preSolution
		Debug|Any CPU = Debug|Any CPU
		Release|Any CPU = Release|Any CPU
	EndGlobalSection
	GlobalSection(ProjectConfigurationPlatforms) = postSolution
		{C45AD31A-16EF-836A-E7C9-A008221450BA}.Debug|Any CPU.ActiveCfg = Debug|Any CPU
		{C45AD31A-16EF-836A-E7C9-A008221450BA}.Debug|Any CPU.Build.0 = Debug|Any CPU
		{C45AD31A-16EF-836A-E7C9-A008221450BA}.Release|Any CPU.ActiveCfg = Release|Any CPU
		{C45AD31A-16EF-836A-E7C9-A008221450BA}.Release|Any CPU.Build.0 = Release|Any CPU
		{5853279E-27BD-4903-9126-3671BEDAA64B}.Debug|Any CPU.ActiveCfg = Debug|Any CPU
		{5853279E-27BD-4903-9126-3671BEDAA64B}.Debug|Any CPU.Build.0 = Debug|Any CPU
		{5853279E-27BD-4903-9126-3671BEDAA64B}.Release|Any CPU.ActiveCfg = Release|Any CPU
		{5853279E-27BD-4903-9126-3671BEDAA64B}.Release|Any CPU.Build.0 = Release|Any CPU
		{0F8AFC7A-8566-485B-85DA-7792D5B09279}.Debug|Any CPU.ActiveCfg = Debug|Any CPU
		{0F8AFC7A-8566-485B-85DA-7792D5B09279}.Debug|Any CPU.Build.0 = Debug|Any CPU
		{0F8AFC7A-8566-485B-85DA-7792D5B09279}.Release|Any CPU.ActiveCfg = Release|Any CPU
		{0F8AFC7A-8566-485B-85DA-7792D5B09279}.Release|Any CPU.Build.0 = Release|Any CPU
	EndGlobalSection
	GlobalSection(SolutionProperties) = preSolution
		HideSolutionNode = FALSE
	EndGlobalSection
EndGlobal
